
Microsoft Visual Studio Solution File, Format Version 12.00
# Visual Studio 14
VisualStudioVersion = 14.0.25123.0
MinimumVisualStudioVersion = 10.0.40219.1
Project("{FAE04EC0-301F-11D3-BF4B-00C04F79EFBC}") = "Colladia.Droid", "Colladia\Colladia.Droid\Colladia.Droid.csproj", "{E99F6D99-F321-4D3A-9155-A80255665B8F}"
EndProject
Project("{FAE04EC0-301F-11D3-BF4B-00C04F79EFBC}") = "Colladia.iOS", "Colladia\Colladia.iOS\Colladia.iOS.csproj", "{24B58ED5-0D6B-4990-9BF8-4C3B60B428D9}"
EndProject
Project("{FAE04EC0-301F-11D3-BF4B-00C04F79EFBC}") = "Colladia.WinPhone", "Colladia\Colladia.WinPhone\Colladia.WinPhone.csproj", "{26674915-1F47-4CBC-B247-1CE39969EF82}"
EndProject
Project("{FAE04EC0-301F-11D3-BF4B-00C04F79EFBC}") = "Colladia.Windows", "Colladia\Colladia.Windows\Colladia.Windows.csproj", "{0A0C51A2-7D34-4DFA-B2AA-AD54967C7E3C}"
EndProject
Project("{D954291E-2A0B-460D-934E-DC6B0785DB48}") = "Colladia", "Colladia\Colladia\Colladia.shproj", "{70C5101F-A5AC-4A95-B475-3853811F2EEB}"
EndProject
Global
	GlobalSection(SharedMSBuildProjectFiles) = preSolution
		Colladia\Colladia\Colladia.projitems*{70c5101f-a5ac-4a95-b475-3853811f2eeb}*SharedItemsImports = 13
	EndGlobalSection
	GlobalSection(SolutionConfigurationPlatforms) = preSolution
		Ad-Hoc|Any CPU = Ad-Hoc|Any CPU
		Ad-Hoc|ARM = Ad-Hoc|ARM
		Ad-Hoc|iPhone = Ad-Hoc|iPhone
		Ad-Hoc|iPhoneSimulator = Ad-Hoc|iPhoneSimulator
		Ad-Hoc|x64 = Ad-Hoc|x64
		Ad-Hoc|x86 = Ad-Hoc|x86
		AppStore|Any CPU = AppStore|Any CPU
		AppStore|ARM = AppStore|ARM
		AppStore|iPhone = AppStore|iPhone
		AppStore|iPhoneSimulator = AppStore|iPhoneSimulator
		AppStore|x64 = AppStore|x64
		AppStore|x86 = AppStore|x86
		Debug|Any CPU = Debug|Any CPU
		Debug|ARM = Debug|ARM
		Debug|iPhone = Debug|iPhone
		Debug|iPhoneSimulator = Debug|iPhoneSimulator
		Debug|x64 = Debug|x64
		Debug|x86 = Debug|x86
		Release|Any CPU = Release|Any CPU
		Release|ARM = Release|ARM
		Release|iPhone = Release|iPhone
		Release|iPhoneSimulator = Release|iPhoneSimulator
		Release|x64 = Release|x64
		Release|x86 = Release|x86
	EndGlobalSection
	GlobalSection(ProjectConfigurationPlatforms) = postSolution
		{E99F6D99-F321-4D3A-9155-A80255665B8F}.Ad-Hoc|Any CPU.ActiveCfg = Release|Any CPU
		{E99F6D99-F321-4D3A-9155-A80255665B8F}.Ad-Hoc|Any CPU.Build.0 = Release|Any CPU
		{E99F6D99-F321-4D3A-9155-A80255665B8F}.Ad-Hoc|Any CPU.Deploy.0 = Release|Any CPU
		{E99F6D99-F321-4D3A-9155-A80255665B8F}.Ad-Hoc|ARM.ActiveCfg = Release|Any CPU
		{E99F6D99-F321-4D3A-9155-A80255665B8F}.Ad-Hoc|ARM.Build.0 = Release|Any CPU
		{E99F6D99-F321-4D3A-9155-A80255665B8F}.Ad-Hoc|ARM.Deploy.0 = Release|Any CPU
		{E99F6D99-F321-4D3A-9155-A80255665B8F}.Ad-Hoc|iPhone.ActiveCfg = Release|Any CPU
		{E99F6D99-F321-4D3A-9155-A80255665B8F}.Ad-Hoc|iPhone.Build.0 = Release|Any CPU
		{E99F6D99-F321-4D3A-9155-A80255665B8F}.Ad-Hoc|iPhone.Deploy.0 = Release|Any CPU
		{E99F6D99-F321-4D3A-9155-A80255665B8F}.Ad-Hoc|iPhoneSimulator.ActiveCfg = Release|Any CPU
		{E99F6D99-F321-4D3A-9155-A80255665B8F}.Ad-Hoc|iPhoneSimulator.Build.0 = Release|Any CPU
		{E99F6D99-F321-4D3A-9155-A80255665B8F}.Ad-Hoc|iPhoneSimulator.Deploy.0 = Release|Any CPU
		{E99F6D99-F321-4D3A-9155-A80255665B8F}.Ad-Hoc|x64.ActiveCfg = Release|Any CPU
		{E99F6D99-F321-4D3A-9155-A80255665B8F}.Ad-Hoc|x64.Build.0 = Release|Any CPU
		{E99F6D99-F321-4D3A-9155-A80255665B8F}.Ad-Hoc|x64.Deploy.0 = Release|Any CPU
		{E99F6D99-F321-4D3A-9155-A80255665B8F}.Ad-Hoc|x86.ActiveCfg = Release|Any CPU
		{E99F6D99-F321-4D3A-9155-A80255665B8F}.Ad-Hoc|x86.Build.0 = Release|Any CPU
		{E99F6D99-F321-4D3A-9155-A80255665B8F}.Ad-Hoc|x86.Deploy.0 = Release|Any CPU
		{E99F6D99-F321-4D3A-9155-A80255665B8F}.AppStore|Any CPU.ActiveCfg = Release|Any CPU
		{E99F6D99-F321-4D3A-9155-A80255665B8F}.AppStore|Any CPU.Build.0 = Release|Any CPU
		{E99F6D99-F321-4D3A-9155-A80255665B8F}.AppStore|Any CPU.Deploy.0 = Release|Any CPU
		{E99F6D99-F321-4D3A-9155-A80255665B8F}.AppStore|ARM.ActiveCfg = Release|Any CPU
		{E99F6D99-F321-4D3A-9155-A80255665B8F}.AppStore|ARM.Build.0 = Release|Any CPU
		{E99F6D99-F321-4D3A-9155-A80255665B8F}.AppStore|ARM.Deploy.0 = Release|Any CPU
		{E99F6D99-F321-4D3A-9155-A80255665B8F}.AppStore|iPhone.ActiveCfg = Release|Any CPU
		{E99F6D99-F321-4D3A-9155-A80255665B8F}.AppStore|iPhone.Build.0 = Release|Any CPU
		{E99F6D99-F321-4D3A-9155-A80255665B8F}.AppStore|iPhone.Deploy.0 = Release|Any CPU
		{E99F6D99-F321-4D3A-9155-A80255665B8F}.AppStore|iPhoneSimulator.ActiveCfg = Release|Any CPU
		{E99F6D99-F321-4D3A-9155-A80255665B8F}.AppStore|iPhoneSimulator.Build.0 = Release|Any CPU
		{E99F6D99-F321-4D3A-9155-A80255665B8F}.AppStore|iPhoneSimulator.Deploy.0 = Release|Any CPU
		{E99F6D99-F321-4D3A-9155-A80255665B8F}.AppStore|x64.ActiveCfg = Release|Any CPU
		{E99F6D99-F321-4D3A-9155-A80255665B8F}.AppStore|x64.Build.0 = Release|Any CPU
		{E99F6D99-F321-4D3A-9155-A80255665B8F}.AppStore|x64.Deploy.0 = Release|Any CPU
		{E99F6D99-F321-4D3A-9155-A80255665B8F}.AppStore|x86.ActiveCfg = Release|Any CPU
		{E99F6D99-F321-4D3A-9155-A80255665B8F}.AppStore|x86.Build.0 = Release|Any CPU
		{E99F6D99-F321-4D3A-9155-A80255665B8F}.AppStore|x86.Deploy.0 = Release|Any CPU
		{E99F6D99-F321-4D3A-9155-A80255665B8F}.Debug|Any CPU.ActiveCfg = Debug|Any CPU
		{E99F6D99-F321-4D3A-9155-A80255665B8F}.Debug|Any CPU.Build.0 = Debug|Any CPU
		{E99F6D99-F321-4D3A-9155-A80255665B8F}.Debug|Any CPU.Deploy.0 = Debug|Any CPU
		{E99F6D99-F321-4D3A-9155-A80255665B8F}.Debug|ARM.ActiveCfg = Debug|Any CPU
		{E99F6D99-F321-4D3A-9155-A80255665B8F}.Debug|ARM.Build.0 = Debug|Any CPU
		{E99F6D99-F321-4D3A-9155-A80255665B8F}.Debug|ARM.Deploy.0 = Debug|Any CPU
		{E99F6D99-F321-4D3A-9155-A80255665B8F}.Debug|iPhone.ActiveCfg = Debug|Any CPU
		{E99F6D99-F321-4D3A-9155-A80255665B8F}.Debug|iPhone.Build.0 = Debug|Any CPU
		{E99F6D99-F321-4D3A-9155-A80255665B8F}.Debug|iPhone.Deploy.0 = Debug|Any CPU
		{E99F6D99-F321-4D3A-9155-A80255665B8F}.Debug|iPhoneSimulator.ActiveCfg = Debug|Any CPU
		{E99F6D99-F321-4D3A-9155-A80255665B8F}.Debug|iPhoneSimulator.Build.0 = Debug|Any CPU
		{E99F6D99-F321-4D3A-9155-A80255665B8F}.Debug|iPhoneSimulator.Deploy.0 = Debug|Any CPU
		{E99F6D99-F321-4D3A-9155-A80255665B8F}.Debug|x64.ActiveCfg = Debug|Any CPU
		{E99F6D99-F321-4D3A-9155-A80255665B8F}.Debug|x64.Build.0 = Debug|Any CPU
		{E99F6D99-F321-4D3A-9155-A80255665B8F}.Debug|x64.Deploy.0 = Debug|Any CPU
		{E99F6D99-F321-4D3A-9155-A80255665B8F}.Debug|x86.ActiveCfg = Debug|Any CPU
		{E99F6D99-F321-4D3A-9155-A80255665B8F}.Debug|x86.Build.0 = Debug|Any CPU
		{E99F6D99-F321-4D3A-9155-A80255665B8F}.Debug|x86.Deploy.0 = Debug|Any CPU
		{E99F6D99-F321-4D3A-9155-A80255665B8F}.Release|Any CPU.ActiveCfg = Release|Any CPU
		{E99F6D99-F321-4D3A-9155-A80255665B8F}.Release|Any CPU.Build.0 = Release|Any CPU
		{E99F6D99-F321-4D3A-9155-A80255665B8F}.Release|Any CPU.Deploy.0 = Release|Any CPU
		{E99F6D99-F321-4D3A-9155-A80255665B8F}.Release|ARM.ActiveCfg = Release|Any CPU
		{E99F6D99-F321-4D3A-9155-A80255665B8F}.Release|ARM.Build.0 = Release|Any CPU
		{E99F6D99-F321-4D3A-9155-A80255665B8F}.Release|ARM.Deploy.0 = Release|Any CPU
		{E99F6D99-F321-4D3A-9155-A80255665B8F}.Release|iPhone.ActiveCfg = Release|Any CPU
		{E99F6D99-F321-4D3A-9155-A80255665B8F}.Release|iPhone.Build.0 = Release|Any CPU
		{E99F6D99-F321-4D3A-9155-A80255665B8F}.Release|iPhone.Deploy.0 = Release|Any CPU
		{E99F6D99-F321-4D3A-9155-A80255665B8F}.Release|iPhoneSimulator.ActiveCfg = Release|Any CPU
		{E99F6D99-F321-4D3A-9155-A80255665B8F}.Release|iPhoneSimulator.Build.0 = Release|Any CPU
		{E99F6D99-F321-4D3A-9155-A80255665B8F}.Release|iPhoneSimulator.Deploy.0 = Release|Any CPU
		{E99F6D99-F321-4D3A-9155-A80255665B8F}.Release|x64.ActiveCfg = Release|Any CPU
		{E99F6D99-F321-4D3A-9155-A80255665B8F}.Release|x64.Build.0 = Release|Any CPU
		{E99F6D99-F321-4D3A-9155-A80255665B8F}.Release|x64.Deploy.0 = Release|Any CPU
		{E99F6D99-F321-4D3A-9155-A80255665B8F}.Release|x86.ActiveCfg = Release|Any CPU
		{E99F6D99-F321-4D3A-9155-A80255665B8F}.Release|x86.Build.0 = Release|Any CPU
		{E99F6D99-F321-4D3A-9155-A80255665B8F}.Release|x86.Deploy.0 = Release|Any CPU
		{24B58ED5-0D6B-4990-9BF8-4C3B60B428D9}.Ad-Hoc|Any CPU.ActiveCfg = Ad-Hoc|iPhone
		{24B58ED5-0D6B-4990-9BF8-4C3B60B428D9}.Ad-Hoc|ARM.ActiveCfg = Ad-Hoc|iPhone
		{24B58ED5-0D6B-4990-9BF8-4C3B60B428D9}.Ad-Hoc|iPhone.ActiveCfg = Ad-Hoc|iPhone
		{24B58ED5-0D6B-4990-9BF8-4C3B60B428D9}.Ad-Hoc|iPhone.Build.0 = Ad-Hoc|iPhone
		{24B58ED5-0D6B-4990-9BF8-4C3B60B428D9}.Ad-Hoc|iPhoneSimulator.ActiveCfg = Ad-Hoc|iPhoneSimulator
		{24B58ED5-0D6B-4990-9BF8-4C3B60B428D9}.Ad-Hoc|iPhoneSimulator.Build.0 = Ad-Hoc|iPhoneSimulator
		{24B58ED5-0D6B-4990-9BF8-4C3B60B428D9}.Ad-Hoc|x64.ActiveCfg = Ad-Hoc|iPhone
		{24B58ED5-0D6B-4990-9BF8-4C3B60B428D9}.Ad-Hoc|x86.ActiveCfg = Ad-Hoc|iPhone
		{24B58ED5-0D6B-4990-9BF8-4C3B60B428D9}.AppStore|Any CPU.ActiveCfg = AppStore|iPhone
		{24B58ED5-0D6B-4990-9BF8-4C3B60B428D9}.AppStore|ARM.ActiveCfg = AppStore|iPhone
		{24B58ED5-0D6B-4990-9BF8-4C3B60B428D9}.AppStore|iPhone.ActiveCfg = AppStore|iPhone
		{24B58ED5-0D6B-4990-9BF8-4C3B60B428D9}.AppStore|iPhone.Build.0 = AppStore|iPhone
		{24B58ED5-0D6B-4990-9BF8-4C3B60B428D9}.AppStore|iPhoneSimulator.ActiveCfg = AppStore|iPhoneSimulator
		{24B58ED5-0D6B-4990-9BF8-4C3B60B428D9}.AppStore|iPhoneSimulator.Build.0 = AppStore|iPhoneSimulator
		{24B58ED5-0D6B-4990-9BF8-4C3B60B428D9}.AppStore|x64.ActiveCfg = AppStore|iPhone
		{24B58ED5-0D6B-4990-9BF8-4C3B60B428D9}.AppStore|x86.ActiveCfg = AppStore|iPhone
		{24B58ED5-0D6B-4990-9BF8-4C3B60B428D9}.Debug|Any CPU.ActiveCfg = Debug|iPhone
		{24B58ED5-0D6B-4990-9BF8-4C3B60B428D9}.Debug|ARM.ActiveCfg = Debug|iPhone
		{24B58ED5-0D6B-4990-9BF8-4C3B60B428D9}.Debug|iPhone.ActiveCfg = Debug|iPhone
		{24B58ED5-0D6B-4990-9BF8-4C3B60B428D9}.Debug|iPhone.Build.0 = Debug|iPhone
		{24B58ED5-0D6B-4990-9BF8-4C3B60B428D9}.Debug|iPhoneSimulator.ActiveCfg = Debug|iPhoneSimulator
		{24B58ED5-0D6B-4990-9BF8-4C3B60B428D9}.Debug|iPhoneSimulator.Build.0 = Debug|iPhoneSimulator
		{24B58ED5-0D6B-4990-9BF8-4C3B60B428D9}.Debug|x64.ActiveCfg = Debug|iPhone
		{24B58ED5-0D6B-4990-9BF8-4C3B60B428D9}.Debug|x86.ActiveCfg = Debug|iPhone
		{24B58ED5-0D6B-4990-9BF8-4C3B60B428D9}.Release|Any CPU.ActiveCfg = Release|iPhone
		{24B58ED5-0D6B-4990-9BF8-4C3B60B428D9}.Release|ARM.ActiveCfg = Release|iPhone
		{24B58ED5-0D6B-4990-9BF8-4C3B60B428D9}.Release|iPhone.ActiveCfg = Release|iPhone
		{24B58ED5-0D6B-4990-9BF8-4C3B60B428D9}.Release|iPhone.Build.0 = Release|iPhone
		{24B58ED5-0D6B-4990-9BF8-4C3B60B428D9}.Release|iPhoneSimulator.ActiveCfg = Release|iPhoneSimulator
		{24B58ED5-0D6B-4990-9BF8-4C3B60B428D9}.Release|iPhoneSimulator.Build.0 = Release|iPhoneSimulator
		{24B58ED5-0D6B-4990-9BF8-4C3B60B428D9}.Release|x64.ActiveCfg = Release|iPhone
		{24B58ED5-0D6B-4990-9BF8-4C3B60B428D9}.Release|x86.ActiveCfg = Release|iPhone
		{26674915-1F47-4CBC-B247-1CE39969EF82}.Ad-Hoc|Any CPU.ActiveCfg = Release|Any CPU
		{26674915-1F47-4CBC-B247-1CE39969EF82}.Ad-Hoc|Any CPU.Build.0 = Release|Any CPU
		{26674915-1F47-4CBC-B247-1CE39969EF82}.Ad-Hoc|Any CPU.Deploy.0 = Release|Any CPU
		{26674915-1F47-4CBC-B247-1CE39969EF82}.Ad-Hoc|ARM.ActiveCfg = Release|ARM
		{26674915-1F47-4CBC-B247-1CE39969EF82}.Ad-Hoc|ARM.Build.0 = Release|ARM
		{26674915-1F47-4CBC-B247-1CE39969EF82}.Ad-Hoc|ARM.Deploy.0 = Release|ARM
		{26674915-1F47-4CBC-B247-1CE39969EF82}.Ad-Hoc|iPhone.ActiveCfg = Release|Any CPU
		{26674915-1F47-4CBC-B247-1CE39969EF82}.Ad-Hoc|iPhone.Build.0 = Release|Any CPU
		{26674915-1F47-4CBC-B247-1CE39969EF82}.Ad-Hoc|iPhone.Deploy.0 = Release|Any CPU
		{26674915-1F47-4CBC-B247-1CE39969EF82}.Ad-Hoc|iPhoneSimulator.ActiveCfg = Release|Any CPU
		{26674915-1F47-4CBC-B247-1CE39969EF82}.Ad-Hoc|iPhoneSimulator.Build.0 = Release|Any CPU
		{26674915-1F47-4CBC-B247-1CE39969EF82}.Ad-Hoc|iPhoneSimulator.Deploy.0 = Release|Any CPU
		{26674915-1F47-4CBC-B247-1CE39969EF82}.Ad-Hoc|x64.ActiveCfg = Release|Any CPU
		{26674915-1F47-4CBC-B247-1CE39969EF82}.Ad-Hoc|x64.Build.0 = Release|Any CPU
		{26674915-1F47-4CBC-B247-1CE39969EF82}.Ad-Hoc|x64.Deploy.0 = Release|Any CPU
		{26674915-1F47-4CBC-B247-1CE39969EF82}.Ad-Hoc|x86.ActiveCfg = Release|x86
		{26674915-1F47-4CBC-B247-1CE39969EF82}.Ad-Hoc|x86.Build.0 = Release|x86
		{26674915-1F47-4CBC-B247-1CE39969EF82}.Ad-Hoc|x86.Deploy.0 = Release|x86
		{26674915-1F47-4CBC-B247-1CE39969EF82}.AppStore|Any CPU.ActiveCfg = Release|Any CPU
		{26674915-1F47-4CBC-B247-1CE39969EF82}.AppStore|Any CPU.Build.0 = Release|Any CPU
		{26674915-1F47-4CBC-B247-1CE39969EF82}.AppStore|Any CPU.Deploy.0 = Release|Any CPU
		{26674915-1F47-4CBC-B247-1CE39969EF82}.AppStore|ARM.ActiveCfg = Release|ARM
		{26674915-1F47-4CBC-B247-1CE39969EF82}.AppStore|ARM.Build.0 = Release|ARM
		{26674915-1F47-4CBC-B247-1CE39969EF82}.AppStore|ARM.Deploy.0 = Release|ARM
		{26674915-1F47-4CBC-B247-1CE39969EF82}.AppStore|iPhone.ActiveCfg = Release|Any CPU
		{26674915-1F47-4CBC-B247-1CE39969EF82}.AppStore|iPhone.Build.0 = Release|Any CPU
		{26674915-1F47-4CBC-B247-1CE39969EF82}.AppStore|iPhone.Deploy.0 = Release|Any CPU
		{26674915-1F47-4CBC-B247-1CE39969EF82}.AppStore|iPhoneSimulator.ActiveCfg = Release|Any CPU
		{26674915-1F47-4CBC-B247-1CE39969EF82}.AppStore|iPhoneSimulator.Build.0 = Release|Any CPU
		{26674915-1F47-4CBC-B247-1CE39969EF82}.AppStore|iPhoneSimulator.Deploy.0 = Release|Any CPU
		{26674915-1F47-4CBC-B247-1CE39969EF82}.AppStore|x64.ActiveCfg = Release|Any CPU
		{26674915-1F47-4CBC-B247-1CE39969EF82}.AppStore|x64.Build.0 = Release|Any CPU
		{26674915-1F47-4CBC-B247-1CE39969EF82}.AppStore|x64.Deploy.0 = Release|Any CPU
		{26674915-1F47-4CBC-B247-1CE39969EF82}.AppStore|x86.ActiveCfg = Release|x86
		{26674915-1F47-4CBC-B247-1CE39969EF82}.AppStore|x86.Build.0 = Release|x86
		{26674915-1F47-4CBC-B247-1CE39969EF82}.AppStore|x86.Deploy.0 = Release|x86
		{26674915-1F47-4CBC-B247-1CE39969EF82}.Debug|Any CPU.ActiveCfg = Debug|Any CPU
		{26674915-1F47-4CBC-B247-1CE39969EF82}.Debug|Any CPU.Build.0 = Debug|Any CPU
		{26674915-1F47-4CBC-B247-1CE39969EF82}.Debug|Any CPU.Deploy.0 = Debug|Any CPU
		{26674915-1F47-4CBC-B247-1CE39969EF82}.Debug|ARM.ActiveCfg = Debug|ARM
		{26674915-1F47-4CBC-B247-1CE39969EF82}.Debug|ARM.Build.0 = Debug|ARM
		{26674915-1F47-4CBC-B247-1CE39969EF82}.Debug|ARM.Deploy.0 = Debug|ARM
		{26674915-1F47-4CBC-B247-1CE39969EF82}.Debug|iPhone.ActiveCfg = Debug|Any CPU
		{26674915-1F47-4CBC-B247-1CE39969EF82}.Debug|iPhone.Build.0 = Debug|Any CPU
		{26674915-1F47-4CBC-B247-1CE39969EF82}.Debug|iPhone.Deploy.0 = Debug|Any CPU
		{26674915-1F47-4CBC-B247-1CE39969EF82}.Debug|iPhoneSimulator.ActiveCfg = Debug|Any CPU
		{26674915-1F47-4CBC-B247-1CE39969EF82}.Debug|iPhoneSimulator.Build.0 = Debug|Any CPU
		{26674915-1F47-4CBC-B247-1CE39969EF82}.Debug|iPhoneSimulator.Deploy.0 = Debug|Any CPU
		{26674915-1F47-4CBC-B247-1CE39969EF82}.Debug|x64.ActiveCfg = Debug|Any CPU
		{26674915-1F47-4CBC-B247-1CE39969EF82}.Debug|x64.Build.0 = Debug|Any CPU
		{26674915-1F47-4CBC-B247-1CE39969EF82}.Debug|x64.Deploy.0 = Debug|Any CPU
		{26674915-1F47-4CBC-B247-1CE39969EF82}.Debug|x86.ActiveCfg = Debug|x86
		{26674915-1F47-4CBC-B247-1CE39969EF82}.Debug|x86.Build.0 = Debug|x86
		{26674915-1F47-4CBC-B247-1CE39969EF82}.Debug|x86.Deploy.0 = Debug|x86
		{26674915-1F47-4CBC-B247-1CE39969EF82}.Release|Any CPU.ActiveCfg = Release|Any CPU
		{26674915-1F47-4CBC-B247-1CE39969EF82}.Release|Any CPU.Build.0 = Release|Any CPU
		{26674915-1F47-4CBC-B247-1CE39969EF82}.Release|Any CPU.Deploy.0 = Release|Any CPU
		{26674915-1F47-4CBC-B247-1CE39969EF82}.Release|ARM.ActiveCfg = Release|ARM
		{26674915-1F47-4CBC-B247-1CE39969EF82}.Release|ARM.Build.0 = Release|ARM
		{26674915-1F47-4CBC-B247-1CE39969EF82}.Release|ARM.Deploy.0 = Release|ARM
		{26674915-1F47-4CBC-B247-1CE39969EF82}.Release|iPhone.ActiveCfg = Release|Any CPU
		{26674915-1F47-4CBC-B247-1CE39969EF82}.Release|iPhone.Build.0 = Release|Any CPU
		{26674915-1F47-4CBC-B247-1CE39969EF82}.Release|iPhone.Deploy.0 = Release|Any CPU
		{26674915-1F47-4CBC-B247-1CE39969EF82}.Release|iPhoneSimulator.ActiveCfg = Release|Any CPU
		{26674915-1F47-4CBC-B247-1CE39969EF82}.Release|iPhoneSimulator.Build.0 = Release|Any CPU
		{26674915-1F47-4CBC-B247-1CE39969EF82}.Release|iPhoneSimulator.Deploy.0 = Release|Any CPU
		{26674915-1F47-4CBC-B247-1CE39969EF82}.Release|x64.ActiveCfg = Release|Any CPU
		{26674915-1F47-4CBC-B247-1CE39969EF82}.Release|x64.Build.0 = Release|Any CPU
		{26674915-1F47-4CBC-B247-1CE39969EF82}.Release|x64.Deploy.0 = Release|Any CPU
		{26674915-1F47-4CBC-B247-1CE39969EF82}.Release|x86.ActiveCfg = Release|x86
		{26674915-1F47-4CBC-B247-1CE39969EF82}.Release|x86.Build.0 = Release|x86
		{26674915-1F47-4CBC-B247-1CE39969EF82}.Release|x86.Deploy.0 = Release|x86
		{0A0C51A2-7D34-4DFA-B2AA-AD54967C7E3C}.Ad-Hoc|Any CPU.ActiveCfg = Release|Any CPU
		{0A0C51A2-7D34-4DFA-B2AA-AD54967C7E3C}.Ad-Hoc|Any CPU.Build.0 = Release|Any CPU
		{0A0C51A2-7D34-4DFA-B2AA-AD54967C7E3C}.Ad-Hoc|Any CPU.Deploy.0 = Release|Any CPU
		{0A0C51A2-7D34-4DFA-B2AA-AD54967C7E3C}.Ad-Hoc|ARM.ActiveCfg = Release|ARM
		{0A0C51A2-7D34-4DFA-B2AA-AD54967C7E3C}.Ad-Hoc|ARM.Build.0 = Release|ARM
		{0A0C51A2-7D34-4DFA-B2AA-AD54967C7E3C}.Ad-Hoc|ARM.Deploy.0 = Release|ARM
		{0A0C51A2-7D34-4DFA-B2AA-AD54967C7E3C}.Ad-Hoc|iPhone.ActiveCfg = Release|Any CPU
		{0A0C51A2-7D34-4DFA-B2AA-AD54967C7E3C}.Ad-Hoc|iPhone.Build.0 = Release|Any CPU
		{0A0C51A2-7D34-4DFA-B2AA-AD54967C7E3C}.Ad-Hoc|iPhone.Deploy.0 = Release|Any CPU
		{0A0C51A2-7D34-4DFA-B2AA-AD54967C7E3C}.Ad-Hoc|iPhoneSimulator.ActiveCfg = Release|Any CPU
		{0A0C51A2-7D34-4DFA-B2AA-AD54967C7E3C}.Ad-Hoc|iPhoneSimulator.Build.0 = Release|Any CPU
		{0A0C51A2-7D34-4DFA-B2AA-AD54967C7E3C}.Ad-Hoc|iPhoneSimulator.Deploy.0 = Release|Any CPU
		{0A0C51A2-7D34-4DFA-B2AA-AD54967C7E3C}.Ad-Hoc|x64.ActiveCfg = Release|x64
		{0A0C51A2-7D34-4DFA-B2AA-AD54967C7E3C}.Ad-Hoc|x64.Build.0 = Release|x64
		{0A0C51A2-7D34-4DFA-B2AA-AD54967C7E3C}.Ad-Hoc|x64.Deploy.0 = Release|x64
		{0A0C51A2-7D34-4DFA-B2AA-AD54967C7E3C}.Ad-Hoc|x86.ActiveCfg = Release|x86
		{0A0C51A2-7D34-4DFA-B2AA-AD54967C7E3C}.Ad-Hoc|x86.Build.0 = Release|x86
		{0A0C51A2-7D34-4DFA-B2AA-AD54967C7E3C}.Ad-Hoc|x86.Deploy.0 = Release|x86
		{0A0C51A2-7D34-4DFA-B2AA-AD54967C7E3C}.AppStore|Any CPU.ActiveCfg = Release|Any CPU
		{0A0C51A2-7D34-4DFA-B2AA-AD54967C7E3C}.AppStore|Any CPU.Build.0 = Release|Any CPU
		{0A0C51A2-7D34-4DFA-B2AA-AD54967C7E3C}.AppStore|Any CPU.Deploy.0 = Release|Any CPU
		{0A0C51A2-7D34-4DFA-B2AA-AD54967C7E3C}.AppStore|ARM.ActiveCfg = Release|ARM
		{0A0C51A2-7D34-4DFA-B2AA-AD54967C7E3C}.AppStore|ARM.Build.0 = Release|ARM
		{0A0C51A2-7D34-4DFA-B2AA-AD54967C7E3C}.AppStore|ARM.Deploy.0 = Release|ARM
		{0A0C51A2-7D34-4DFA-B2AA-AD54967C7E3C}.AppStore|iPhone.ActiveCfg = Release|Any CPU
		{0A0C51A2-7D34-4DFA-B2AA-AD54967C7E3C}.AppStore|iPhone.Build.0 = Release|Any CPU
		{0A0C51A2-7D34-4DFA-B2AA-AD54967C7E3C}.AppStore|iPhone.Deploy.0 = Release|Any CPU
		{0A0C51A2-7D34-4DFA-B2AA-AD54967C7E3C}.AppStore|iPhoneSimulator.ActiveCfg = Release|Any CPU
		{0A0C51A2-7D34-4DFA-B2AA-AD54967C7E3C}.AppStore|iPhoneSimulator.Build.0 = Release|Any CPU
		{0A0C51A2-7D34-4DFA-B2AA-AD54967C7E3C}.AppStore|iPhoneSimulator.Deploy.0 = Release|Any CPU
		{0A0C51A2-7D34-4DFA-B2AA-AD54967C7E3C}.AppStore|x64.ActiveCfg = Release|x64
		{0A0C51A2-7D34-4DFA-B2AA-AD54967C7E3C}.AppStore|x64.Build.0 = Release|x64
		{0A0C51A2-7D34-4DFA-B2AA-AD54967C7E3C}.AppStore|x64.Deploy.0 = Release|x64
		{0A0C51A2-7D34-4DFA-B2AA-AD54967C7E3C}.AppStore|x86.ActiveCfg = Release|x86
		{0A0C51A2-7D34-4DFA-B2AA-AD54967C7E3C}.AppStore|x86.Build.0 = Release|x86
		{0A0C51A2-7D34-4DFA-B2AA-AD54967C7E3C}.AppStore|x86.Deploy.0 = Release|x86
		{0A0C51A2-7D34-4DFA-B2AA-AD54967C7E3C}.Debug|Any CPU.ActiveCfg = Debug|Any CPU
		{0A0C51A2-7D34-4DFA-B2AA-AD54967C7E3C}.Debug|Any CPU.Build.0 = Debug|Any CPU
		{0A0C51A2-7D34-4DFA-B2AA-AD54967C7E3C}.Debug|Any CPU.Deploy.0 = Debug|Any CPU
		{0A0C51A2-7D34-4DFA-B2AA-AD54967C7E3C}.Debug|ARM.ActiveCfg = Debug|ARM
		{0A0C51A2-7D34-4DFA-B2AA-AD54967C7E3C}.Debug|ARM.Build.0 = Debug|ARM
		{0A0C51A2-7D34-4DFA-B2AA-AD54967C7E3C}.Debug|ARM.Deploy.0 = Debug|ARM
		{0A0C51A2-7D34-4DFA-B2AA-AD54967C7E3C}.Debug|iPhone.ActiveCfg = Debug|Any CPU
		{0A0C51A2-7D34-4DFA-B2AA-AD54967C7E3C}.Debug|iPhone.Build.0 = Debug|Any CPU
		{0A0C51A2-7D34-4DFA-B2AA-AD54967C7E3C}.Debug|iPhone.Deploy.0 = Debug|Any CPU
		{0A0C51A2-7D34-4DFA-B2AA-AD54967C7E3C}.Debug|iPhoneSimulator.ActiveCfg = Debug|Any CPU
		{0A0C51A2-7D34-4DFA-B2AA-AD54967C7E3C}.Debug|iPhoneSimulator.Build.0 = Debug|Any CPU
		{0A0C51A2-7D34-4DFA-B2AA-AD54967C7E3C}.Debug|iPhoneSimulator.Deploy.0 = Debug|Any CPU
		{0A0C51A2-7D34-4DFA-B2AA-AD54967C7E3C}.Debug|x64.ActiveCfg = Debug|x64
		{0A0C51A2-7D34-4DFA-B2AA-AD54967C7E3C}.Debug|x64.Build.0 = Debug|x64
		{0A0C51A2-7D34-4DFA-B2AA-AD54967C7E3C}.Debug|x64.Deploy.0 = Debug|x64
		{0A0C51A2-7D34-4DFA-B2AA-AD54967C7E3C}.Debug|x86.ActiveCfg = Debug|x86
		{0A0C51A2-7D34-4DFA-B2AA-AD54967C7E3C}.Debug|x86.Build.0 = Debug|x86
		{0A0C51A2-7D34-4DFA-B2AA-AD54967C7E3C}.Debug|x86.Deploy.0 = Debug|x86
		{0A0C51A2-7D34-4DFA-B2AA-AD54967C7E3C}.Release|Any CPU.ActiveCfg = Release|Any CPU
		{0A0C51A2-7D34-4DFA-B2AA-AD54967C7E3C}.Release|Any CPU.Build.0 = Release|Any CPU
		{0A0C51A2-7D34-4DFA-B2AA-AD54967C7E3C}.Release|Any CPU.Deploy.0 = Release|Any CPU
		{0A0C51A2-7D34-4DFA-B2AA-AD54967C7E3C}.Release|ARM.ActiveCfg = Release|ARM
		{0A0C51A2-7D34-4DFA-B2AA-AD54967C7E3C}.Release|ARM.Build.0 = Release|ARM
		{0A0C51A2-7D34-4DFA-B2AA-AD54967C7E3C}.Release|ARM.Deploy.0 = Release|ARM
		{0A0C51A2-7D34-4DFA-B2AA-AD54967C7E3C}.Release|iPhone.ActiveCfg = Release|Any CPU
		{0A0C51A2-7D34-4DFA-B2AA-AD54967C7E3C}.Release|iPhone.Build.0 = Release|Any CPU
		{0A0C51A2-7D34-4DFA-B2AA-AD54967C7E3C}.Release|iPhone.Deploy.0 = Release|Any CPU
		{0A0C51A2-7D34-4DFA-B2AA-AD54967C7E3C}.Release|iPhoneSimulator.ActiveCfg = Release|Any CPU
		{0A0C51A2-7D34-4DFA-B2AA-AD54967C7E3C}.Release|iPhoneSimulator.Build.0 = Release|Any CPU
		{0A0C51A2-7D34-4DFA-B2AA-AD54967C7E3C}.Release|iPhoneSimulator.Deploy.0 = Release|Any CPU
		{0A0C51A2-7D34-4DFA-B2AA-AD54967C7E3C}.Release|x64.ActiveCfg = Release|x64
		{0A0C51A2-7D34-4DFA-B2AA-AD54967C7E3C}.Release|x64.Build.0 = Release|x64
		{0A0C51A2-7D34-4DFA-B2AA-AD54967C7E3C}.Release|x64.Deploy.0 = Release|x64
		{0A0C51A2-7D34-4DFA-B2AA-AD54967C7E3C}.Release|x86.ActiveCfg = Release|x86
		{0A0C51A2-7D34-4DFA-B2AA-AD54967C7E3C}.Release|x86.Build.0 = Release|x86
		{0A0C51A2-7D34-4DFA-B2AA-AD54967C7E3C}.Release|x86.Deploy.0 = Release|x86
	EndGlobalSection
	GlobalSection(SolutionProperties) = preSolution
		HideSolutionNode = FALSE
	EndGlobalSection
EndGlobal
